{
  "name": "jquery.fit-fixed",
  "version": "1.0.0",
  "lockfileVersion": 1,
  "requires": true,
  "dependencies": {
    "clay.js": {
      "version": "0.1.6",
      "resolved": "https://registry.npmjs.org/clay.js/-/clay.js-0.1.6.tgz",
      "integrity": "sha1-snfrpDIPG2izfNlvr+hVmgPZc0s=",
      "requires": {
        "exportable": "0.1.2"
      }
    },
    "exportable": {
      "version": "0.1.2",
      "resolved": "https://registry.npmjs.org/exportable/-/exportable-0.1.2.tgz",
      "integrity": "sha1-Sz+uujuytNZJsMW23gs+RRxEzvQ="
    },
    "jquery": {
      "version": "2.2.1",
      "resolved": "https://registry.npmjs.org/jquery/-/jquery-2.2.1.tgz",
      "integrity": "sha1-PD4WhUrT0qxErGUCGxdCbSKtgD8="
    }
  }
}
